// !$*UTF8*$!
{
	archiveVersion = 1;
	classes = {
	};
	objectVersion = 46;
	objects = {

/* Begin PBXBuildFile section */
		C8014B3E1C13B72D00F00194 /* SearchedThoughtAttachmentsViewController.swift in Sources */ = {isa = PBXBuildFile; fileRef = C8014B3D1C13B72D00F00194 /* SearchedThoughtAttachmentsViewController.swift */; };
		C80865591C2B93FD007CFA1B /* ChangeLog.txt in Resources */ = {isa = PBXBuildFile; fileRef = C80865581C2B93FD007CFA1B /* ChangeLog.txt */; };
		C809697D1CAD864600CDD78E /* RNCryptor.swift in Sources */ = {isa = PBXBuildFile; fileRef = C809697C1CAD864600CDD78E /* RNCryptor.swift */; };
		C80969811CAD869C00CDD78E /* AZNotification.swift in Sources */ = {isa = PBXBuildFile; fileRef = C809697F1CAD869C00CDD78E /* AZNotification.swift */; };
		C80969821CAD869C00CDD78E /* AZNotificationView.swift in Sources */ = {isa = PBXBuildFile; fileRef = C80969801CAD869C00CDD78E /* AZNotificationView.swift */; };
		C80969851CAD87BC00CDD78E /* UIColorUtils.swift in Sources */ = {isa = PBXBuildFile; fileRef = C80969841CAD87BC00CDD78E /* UIColorUtils.swift */; };
		C809698A1CAD894800CDD78E /* EntityInfo.swift in Sources */ = {isa = PBXBuildFile; fileRef = C80969871CAD894800CDD78E /* EntityInfo.swift */; };
		C809698B1CAD894800CDD78E /* InterfaceBuilderInfo.swift in Sources */ = {isa = PBXBuildFile; fileRef = C80969881CAD894800CDD78E /* InterfaceBuilderInfo.swift */; };
		C809698C1CAD894800CDD78E /* UserInformation.swift in Sources */ = {isa = PBXBuildFile; fileRef = C80969891CAD894800CDD78E /* UserInformation.swift */; };
		C80969951CAD8A7200CDD78E /* ConnectionUtils.swift in Sources */ = {isa = PBXBuildFile; fileRef = C809698D1CAD8A7200CDD78E /* ConnectionUtils.swift */; };
		C80969961CAD8A7200CDD78E /* DataRepository.swift in Sources */ = {isa = PBXBuildFile; fileRef = C809698F1CAD8A7200CDD78E /* DataRepository.swift */; };
		C80969971CAD8A7200CDD78E /* DateUtils.swift in Sources */ = {isa = PBXBuildFile; fileRef = C80969901CAD8A7200CDD78E /* DateUtils.swift */; };
		C80969981CAD8A7200CDD78E /* ExtensionUtils.swift in Sources */ = {isa = PBXBuildFile; fileRef = C80969911CAD8A7200CDD78E /* ExtensionUtils.swift */; };
		C80969991CAD8A7200CDD78E /* HelperUtils.swift in Sources */ = {isa = PBXBuildFile; fileRef = C80969921CAD8A7200CDD78E /* HelperUtils.swift */; };
		C809699A1CAD8A7200CDD78E /* StringUtils.swift in Sources */ = {isa = PBXBuildFile; fileRef = C80969931CAD8A7200CDD78E /* StringUtils.swift */; };
		C809699B1CAD8A7200CDD78E /* TrendsRepository.swift in Sources */ = {isa = PBXBuildFile; fileRef = C80969941CAD8A7200CDD78E /* TrendsRepository.swift */; };
		C80969A61CAD90F100CDD78E /* CalendarLogic.swift in Sources */ = {isa = PBXBuildFile; fileRef = C809699D1CAD90F100CDD78E /* CalendarLogic.swift */; };
		C80969A71CAD90F100CDD78E /* CalendarView.swift in Sources */ = {isa = PBXBuildFile; fileRef = C809699E1CAD90F100CDD78E /* CalendarView.swift */; };
		C80969A81CAD90F100CDD78E /* CalendarView.xib in Resources */ = {isa = PBXBuildFile; fileRef = C809699F1CAD90F100CDD78E /* CalendarView.xib */; };
		C80969A91CAD90F100CDD78E /* Date.swift in Sources */ = {isa = PBXBuildFile; fileRef = C80969A01CAD90F100CDD78E /* Date.swift */; };
		C80969AA1CAD90F100CDD78E /* DayCollectionCell.swift in Sources */ = {isa = PBXBuildFile; fileRef = C80969A11CAD90F100CDD78E /* DayCollectionCell.swift */; };
		C80969AB1CAD90F100CDD78E /* DayCollectionCell.xib in Resources */ = {isa = PBXBuildFile; fileRef = C80969A21CAD90F100CDD78E /* DayCollectionCell.xib */; };
		C80969AC1CAD90F100CDD78E /* MonthCollectionCell.swift in Sources */ = {isa = PBXBuildFile; fileRef = C80969A31CAD90F100CDD78E /* MonthCollectionCell.swift */; };
		C80969AD1CAD90F100CDD78E /* MonthCollectionCell.xib in Resources */ = {isa = PBXBuildFile; fileRef = C80969A41CAD90F100CDD78E /* MonthCollectionCell.xib */; };
		C80969AE1CAD90F100CDD78E /* NSDateAdditions.swift in Sources */ = {isa = PBXBuildFile; fileRef = C80969A51CAD90F100CDD78E /* NSDateAdditions.swift */; };
		C80969C01CAD97BF00CDD78E /* AboutCortexView.swift in Sources */ = {isa = PBXBuildFile; fileRef = C80969B31CAD97BF00CDD78E /* AboutCortexView.swift */; };
		C80969C11CAD97BF00CDD78E /* AboutCortexView.xib in Resources */ = {isa = PBXBuildFile; fileRef = C80969B41CAD97BF00CDD78E /* AboutCortexView.xib */; };
		C80969C21CAD97BF00CDD78E /* AddCategoryAlertView.swift in Sources */ = {isa = PBXBuildFile; fileRef = C80969B51CAD97BF00CDD78E /* AddCategoryAlertView.swift */; };
		C80969C31CAD97BF00CDD78E /* AddCategoryAlertView.xib in Resources */ = {isa = PBXBuildFile; fileRef = C80969B61CAD97BF00CDD78E /* AddCategoryAlertView.xib */; };
		C80969C41CAD97BF00CDD78E /* AddThoughtNoteView.swift in Sources */ = {isa = PBXBuildFile; fileRef = C80969B71CAD97BF00CDD78E /* AddThoughtNoteView.swift */; };
		C80969C51CAD97BF00CDD78E /* AddThoughtNoteView.xib in Resources */ = {isa = PBXBuildFile; fileRef = C80969B81CAD97BF00CDD78E /* AddThoughtNoteView.xib */; };
		C80969C61CAD97BF00CDD78E /* DrawSettingsView.swift in Sources */ = {isa = PBXBuildFile; fileRef = C80969B91CAD97BF00CDD78E /* DrawSettingsView.swift */; };
		C80969C71CAD97BF00CDD78E /* DrawSettingsView.xib in Resources */ = {isa = PBXBuildFile; fileRef = C80969BA1CAD97BF00CDD78E /* DrawSettingsView.xib */; };
		C80969C81CAD97BF00CDD78E /* SearchByKeyword.swift in Sources */ = {isa = PBXBuildFile; fileRef = C80969BB1CAD97BF00CDD78E /* SearchByKeyword.swift */; };
		C80969C91CAD97BF00CDD78E /* SearchByKeyword.xib in Resources */ = {isa = PBXBuildFile; fileRef = C80969BC1CAD97BF00CDD78E /* SearchByKeyword.xib */; };
		C80969CA1CAD97BF00CDD78E /* SearchResultTableViewCell.swift in Sources */ = {isa = PBXBuildFile; fileRef = C80969BD1CAD97BF00CDD78E /* SearchResultTableViewCell.swift */; };
		C80969CB1CAD97BF00CDD78E /* ShowQuoteView.swift in Sources */ = {isa = PBXBuildFile; fileRef = C80969BE1CAD97BF00CDD78E /* ShowQuoteView.swift */; };
		C80969CC1CAD97BF00CDD78E /* ShowQuoteView.xib in Resources */ = {isa = PBXBuildFile; fileRef = C80969BF1CAD97BF00CDD78E /* ShowQuoteView.xib */; };
		C80969D61CAD9ECA00CDD78E /* Attachment.swift in Sources */ = {isa = PBXBuildFile; fileRef = C80969CE1CAD9ECA00CDD78E /* Attachment.swift */; };
		C80969D71CAD9ECA00CDD78E /* Attachment+CoreDataProperties.swift in Sources */ = {isa = PBXBuildFile; fileRef = C80969CF1CAD9ECA00CDD78E /* Attachment+CoreDataProperties.swift */; };
		C80969D81CAD9ECA00CDD78E /* Category.swift in Sources */ = {isa = PBXBuildFile; fileRef = C80969D01CAD9ECA00CDD78E /* Category.swift */; };
		C80969D91CAD9ECA00CDD78E /* Category+CoreDataProperties.swift in Sources */ = {isa = PBXBuildFile; fileRef = C80969D11CAD9ECA00CDD78E /* Category+CoreDataProperties.swift */; };
		C80969DA1CAD9ECA00CDD78E /* Search.swift in Sources */ = {isa = PBXBuildFile; fileRef = C80969D21CAD9ECA00CDD78E /* Search.swift */; };
		C80969DB1CAD9ECA00CDD78E /* Search+CoreDataProperties.swift in Sources */ = {isa = PBXBuildFile; fileRef = C80969D31CAD9ECA00CDD78E /* Search+CoreDataProperties.swift */; };
		C80969DC1CAD9ECA00CDD78E /* Thought.swift in Sources */ = {isa = PBXBuildFile; fileRef = C80969D41CAD9ECA00CDD78E /* Thought.swift */; };
		C80969DD1CAD9ECA00CDD78E /* Thought+CoreDataProperties.swift in Sources */ = {isa = PBXBuildFile; fileRef = C80969D51CAD9ECA00CDD78E /* Thought+CoreDataProperties.swift */; };
		C80969E91CADA03C00CDD78E /* SVIndefiniteAnimatedView.m in Sources */ = {isa = PBXBuildFile; fileRef = C80969E01CADA03C00CDD78E /* SVIndefiniteAnimatedView.m */; };
		C80969EA1CADA03C00CDD78E /* SVProgressAnimatedView.m in Sources */ = {isa = PBXBuildFile; fileRef = C80969E21CADA03C00CDD78E /* SVProgressAnimatedView.m */; };
		C80969EB1CADA03C00CDD78E /* SVProgressHUD.bundle in Resources */ = {isa = PBXBuildFile; fileRef = C80969E41CADA03C00CDD78E /* SVProgressHUD.bundle */; };
		C80969EC1CADA03C00CDD78E /* SVProgressHUD.m in Sources */ = {isa = PBXBuildFile; fileRef = C80969E61CADA03C00CDD78E /* SVProgressHUD.m */; };
		C80969ED1CADA03C00CDD78E /* SVRadialGradientLayer.m in Sources */ = {isa = PBXBuildFile; fileRef = C80969E81CADA03C00CDD78E /* SVRadialGradientLayer.m */; };
		C80EA4361BABE55D000E1AC8 /* CortexTabBarController.swift in Sources */ = {isa = PBXBuildFile; fileRef = C80EA4351BABE55D000E1AC8 /* CortexTabBarController.swift */; };
		C80EA43D1BABFA41000E1AC8 /* ShowCategoriesTableViewController.swift in Sources */ = {isa = PBXBuildFile; fileRef = C80EA43C1BABFA41000E1AC8 /* ShowCategoriesTableViewController.swift */; };
		C84787D91BA900E7007F6D50 /* AppDelegate.swift in Sources */ = {isa = PBXBuildFile; fileRef = C84787D81BA900E7007F6D50 /* AppDelegate.swift */; };
		C84787DC1BA900E7007F6D50 /* Cortex.xcdatamodeld in Sources */ = {isa = PBXBuildFile; fileRef = C84787DA1BA900E7007F6D50 /* Cortex.xcdatamodeld */; };
		C84787E11BA900E7007F6D50 /* Main.storyboard in Resources */ = {isa = PBXBuildFile; fileRef = C84787DF1BA900E7007F6D50 /* Main.storyboard */; };
		C84787E31BA900E7007F6D50 /* Images.xcassets in Resources */ = {isa = PBXBuildFile; fileRef = C84787E21BA900E7007F6D50 /* Images.xcassets */; };
		C84787E61BA900E7007F6D50 /* LaunchScreen.xib in Resources */ = {isa = PBXBuildFile; fileRef = C84787E41BA900E7007F6D50 /* LaunchScreen.xib */; };
		C84787F21BA900E7007F6D50 /* CortexTests.swift in Sources */ = {isa = PBXBuildFile; fileRef = C84787F11BA900E7007F6D50 /* CortexTests.swift */; };
		C84788031BAAB428007F6D50 /* AudioToolbox.framework in Frameworks */ = {isa = PBXBuildFile; fileRef = C84788021BAAB428007F6D50 /* AudioToolbox.framework */; };
		C84788051BAAB431007F6D50 /* CFNetwork.framework in Frameworks */ = {isa = PBXBuildFile; fileRef = C84788041BAAB431007F6D50 /* CFNetwork.framework */; };
		C84788071BAAB438007F6D50 /* CoreGraphics.framework in Frameworks */ = {isa = PBXBuildFile; fileRef = C84788061BAAB438007F6D50 /* CoreGraphics.framework */; };
		C84788091BAAB43F007F6D50 /* CoreLocation.framework in Frameworks */ = {isa = PBXBuildFile; fileRef = C84788081BAAB43F007F6D50 /* CoreLocation.framework */; };
		C847880B1BAAB445007F6D50 /* QuartzCore.framework in Frameworks */ = {isa = PBXBuildFile; fileRef = C847880A1BAAB445007F6D50 /* QuartzCore.framework */; };
		C847880D1BAAB44B007F6D50 /* Security.framework in Frameworks */ = {isa = PBXBuildFile; fileRef = C847880C1BAAB44B007F6D50 /* Security.framework */; };
		C847880F1BAAB451007F6D50 /* StoreKit.framework in Frameworks */ = {isa = PBXBuildFile; fileRef = C847880E1BAAB451007F6D50 /* StoreKit.framework */; };
		C84788111BAAB458007F6D50 /* SystemConfiguration.framework in Frameworks */ = {isa = PBXBuildFile; fileRef = C84788101BAAB458007F6D50 /* SystemConfiguration.framework */; };
		C84788131BAAB461007F6D50 /* libz.dylib in Frameworks */ = {isa = PBXBuildFile; fileRef = C84788121BAAB461007F6D50 /* libz.dylib */; };
		C84788151BAAB468007F6D50 /* libsqlite3.dylib in Frameworks */ = {isa = PBXBuildFile; fileRef = C84788141BAAB468007F6D50 /* libsqlite3.dylib */; };
		C85222991BBFB8990041485F /* DoodleViewController.swift in Sources */ = {isa = PBXBuildFile; fileRef = C85222981BBFB8990041485F /* DoodleViewController.swift */; };
		C852229B1BC07AEB0041485F /* AttachmentsScrollViewController.swift in Sources */ = {isa = PBXBuildFile; fileRef = C852229A1BC07AEB0041485F /* AttachmentsScrollViewController.swift */; };
		C85222B61BC35D4C0041485F /* SearchResultsTableViewController.swift in Sources */ = {isa = PBXBuildFile; fileRef = C85222B51BC35D4C0041485F /* SearchResultsTableViewController.swift */; };
		C85223B51BC76F790041485F /* Charts.framework in Frameworks */ = {isa = PBXBuildFile; fileRef = C85223B21BC76F6E0041485F /* Charts.framework */; };
		C85223B61BC76F790041485F /* Charts.framework in Embed Frameworks */ = {isa = PBXBuildFile; fileRef = C85223B21BC76F6E0041485F /* Charts.framework */; settings = {ATTRIBUTES = (CodeSignOnCopy, RemoveHeadersOnCopy, ); }; };
		C85223BB1BC770B90041485F /* TrendsViewController.swift in Sources */ = {isa = PBXBuildFile; fileRef = C85223BA1BC770B90041485F /* TrendsViewController.swift */; };
		C8E0DDA31BD1737600BAA593 /* Bolts.framework in Frameworks */ = {isa = PBXBuildFile; fileRef = C8E0DDA11BD1737600BAA593 /* Bolts.framework */; };
		C8EF2A5A1BABDD4400E66020 /* HistoryViewController.swift in Sources */ = {isa = PBXBuildFile; fileRef = C8EF2A591BABDD4400E66020 /* HistoryViewController.swift */; };
		C8EF2A5C1BABDD5F00E66020 /* EntryViewController.swift in Sources */ = {isa = PBXBuildFile; fileRef = C8EF2A5B1BABDD5F00E66020 /* EntryViewController.swift */; };
		C8F4833C1CAE0FD400988365 /* WeekHeaderView.swift in Sources */ = {isa = PBXBuildFile; fileRef = C8F4833A1CAE0FD400988365 /* WeekHeaderView.swift */; };
		C8F4833D1CAE0FD400988365 /* WeekHeaderView.xib in Resources */ = {isa = PBXBuildFile; fileRef = C8F4833B1CAE0FD400988365 /* WeekHeaderView.xib */; };
		C8F483401CB03BA700988365 /* MyStringItemSource.swift in Sources */ = {isa = PBXBuildFile; fileRef = C8F4833F1CB03BA700988365 /* MyStringItemSource.swift */; };
/* End PBXBuildFile section */

/* Begin PBXContainerItemProxy section */
		C84787EC1BA900E7007F6D50 /* PBXContainerItemProxy */ = {
			isa = PBXContainerItemProxy;
			containerPortal = C84787CB1BA900E7007F6D50 /* Project object */;
			proxyType = 1;
			remoteGlobalIDString = C84787D21BA900E7007F6D50;
			remoteInfo = Cortex;
		};
		C85223B11BC76F6E0041485F /* PBXContainerItemProxy */ = {
			isa = PBXContainerItemProxy;
			containerPortal = C85223AC1BC76F6D0041485F /* Charts.xcodeproj */;
			proxyType = 2;
			remoteGlobalIDString = 5BA8EC401A9D14DC00CE82E1;
			remoteInfo = Charts;
		};
		C85223B31BC76F6E0041485F /* PBXContainerItemProxy */ = {
			isa = PBXContainerItemProxy;
			containerPortal = C85223AC1BC76F6D0041485F /* Charts.xcodeproj */;
			proxyType = 2;
			remoteGlobalIDString = A52C5C371BAC5CA400594CDD;
			remoteInfo = ChartsTV;
		};
		C85223B71BC76F790041485F /* PBXContainerItemProxy */ = {
			isa = PBXContainerItemProxy;
			containerPortal = C85223AC1BC76F6D0041485F /* Charts.xcodeproj */;
			proxyType = 1;
			remoteGlobalIDString = 5BA8EC3F1A9D14DC00CE82E1;
			remoteInfo = Charts;
		};
/* End PBXContainerItemProxy section */

/* Begin PBXCopyFilesBuildPhase section */
		C85223B91BC76F790041485F /* Embed Frameworks */ = {
			isa = PBXCopyFilesBuildPhase;
			buildActionMask = 2147483647;
			dstPath = "";
			dstSubfolderSpec = 10;
			files = (
				C85223B61BC76F790041485F /* Charts.framework in Embed Frameworks */,
			);
			name = "Embed Frameworks";
			runOnlyForDeploymentPostprocessing = 0;
		};
/* End PBXCopyFilesBuildPhase section */

/* Begin PBXFileReference section */
		C8014B3D1C13B72D00F00194 /* SearchedThoughtAttachmentsViewController.swift */ = {isa = PBXFileReference; fileEncoding = 4; lastKnownFileType = sourcecode.swift; path = SearchedThoughtAttachmentsViewController.swift; sourceTree = "<group>"; };
		C80865581C2B93FD007CFA1B /* ChangeLog.txt */ = {isa = PBXFileReference; fileEncoding = 4; lastKnownFileType = text; path = ChangeLog.txt; sourceTree = "<group>"; };
		C809697B1CAD864600CDD78E /* RNCryptor.h */ = {isa = PBXFileReference; fileEncoding = 4; lastKnownFileType = sourcecode.c.h; name = RNCryptor.h; path = RNCryptor/RNCryptor.h; sourceTree = "<group>"; };
		C809697C1CAD864600CDD78E /* RNCryptor.swift */ = {isa = PBXFileReference; fileEncoding = 4; lastKnownFileType = sourcecode.swift; name = RNCryptor.swift; path = RNCryptor/RNCryptor.swift; sourceTree = "<group>"; };
		C809697F1CAD869C00CDD78E /* AZNotification.swift */ = {isa = PBXFileReference; fileEncoding = 4; lastKnownFileType = sourcecode.swift; name = AZNotification.swift; path = BannerNotifications/AZNotification.swift; sourceTree = "<group>"; };
		C80969801CAD869C00CDD78E /* AZNotificationView.swift */ = {isa = PBXFileReference; fileEncoding = 4; lastKnownFileType = sourcecode.swift; name = AZNotificationView.swift; path = BannerNotifications/AZNotificationView.swift; sourceTree = "<group>"; };
		C80969841CAD87BC00CDD78E /* UIColorUtils.swift */ = {isa = PBXFileReference; fileEncoding = 4; lastKnownFileType = sourcecode.swift; name = UIColorUtils.swift; path = Utility/UIColorUtils.swift; sourceTree = "<group>"; };
		C80969871CAD894800CDD78E /* EntityInfo.swift */ = {isa = PBXFileReference; fileEncoding = 4; lastKnownFileType = sourcecode.swift; name = EntityInfo.swift; path = Constants/EntityInfo.swift; sourceTree = "<group>"; };
		C80969881CAD894800CDD78E /* InterfaceBuilderInfo.swift */ = {isa = PBXFileReference; fileEncoding = 4; lastKnownFileType = sourcecode.swift; name = InterfaceBuilderInfo.swift; path = Constants/InterfaceBuilderInfo.swift; sourceTree = "<group>"; };
		C80969891CAD894800CDD78E /* UserInformation.swift */ = {isa = PBXFileReference; fileEncoding = 4; lastKnownFileType = sourcecode.swift; name = UserInformation.swift; path = Constants/UserInformation.swift; sourceTree = "<group>"; };
		C809698D1CAD8A7200CDD78E /* ConnectionUtils.swift */ = {isa = PBXFileReference; fileEncoding = 4; lastKnownFileType = sourcecode.swift; name = ConnectionUtils.swift; path = Utility/ConnectionUtils.swift; sourceTree = "<group>"; };
		C809698F1CAD8A7200CDD78E /* DataRepository.swift */ = {isa = PBXFileReference; fileEncoding = 4; lastKnownFileType = sourcecode.swift; name = DataRepository.swift; path = Utility/DataRepository.swift; sourceTree = "<group>"; };
		C80969901CAD8A7200CDD78E /* DateUtils.swift */ = {isa = PBXFileReference; fileEncoding = 4; lastKnownFileType = sourcecode.swift; name = DateUtils.swift; path = Utility/DateUtils.swift; sourceTree = "<group>"; };
		C80969911CAD8A7200CDD78E /* ExtensionUtils.swift */ = {isa = PBXFileReference; fileEncoding = 4; lastKnownFileType = sourcecode.swift; name = ExtensionUtils.swift; path = Utility/ExtensionUtils.swift; sourceTree = "<group>"; };
		C80969921CAD8A7200CDD78E /* HelperUtils.swift */ = {isa = PBXFileReference; fileEncoding = 4; lastKnownFileType = sourcecode.swift; name = HelperUtils.swift; path = Utility/HelperUtils.swift; sourceTree = "<group>"; };
		C80969931CAD8A7200CDD78E /* StringUtils.swift */ = {isa = PBXFileReference; fileEncoding = 4; lastKnownFileType = sourcecode.swift; name = StringUtils.swift; path = Utility/StringUtils.swift; sourceTree = "<group>"; };
		C80969941CAD8A7200CDD78E /* TrendsRepository.swift */ = {isa = PBXFileReference; fileEncoding = 4; lastKnownFileType = sourcecode.swift; name = TrendsRepository.swift; path = Utility/TrendsRepository.swift; sourceTree = "<group>"; };
		C809699D1CAD90F100CDD78E /* CalendarLogic.swift */ = {isa = PBXFileReference; fileEncoding = 4; lastKnownFileType = sourcecode.swift; name = CalendarLogic.swift; path = CalendarKit/CalendarLogic.swift; sourceTree = "<group>"; };
		C809699E1CAD90F100CDD78E /* CalendarView.swift */ = {isa = PBXFileReference; fileEncoding = 4; lastKnownFileType = sourcecode.swift; name = CalendarView.swift; path = CalendarKit/CalendarView.swift; sourceTree = "<group>"; };
		C809699F1CAD90F100CDD78E /* CalendarView.xib */ = {isa = PBXFileReference; fileEncoding = 4; lastKnownFileType = file.xib; name = CalendarView.xib; path = CalendarKit/CalendarView.xib; sourceTree = "<group>"; };
		C80969A01CAD90F100CDD78E /* Date.swift */ = {isa = PBXFileReference; fileEncoding = 4; lastKnownFileType = sourcecode.swift; name = Date.swift; path = CalendarKit/Date.swift; sourceTree = "<group>"; };
		C80969A11CAD90F100CDD78E /* DayCollectionCell.swift */ = {isa = PBXFileReference; fileEncoding = 4; lastKnownFileType = sourcecode.swift; name = DayCollectionCell.swift; path = CalendarKit/DayCollectionCell.swift; sourceTree = "<group>"; };
		C80969A21CAD90F100CDD78E /* DayCollectionCell.xib */ = {isa = PBXFileReference; fileEncoding = 4; lastKnownFileType = file.xib; name = DayCollectionCell.xib; path = CalendarKit/DayCollectionCell.xib; sourceTree = "<group>"; };
		C80969A31CAD90F100CDD78E /* MonthCollectionCell.swift */ = {isa = PBXFileReference; fileEncoding = 4; lastKnownFileType = sourcecode.swift; name = MonthCollectionCell.swift; path = CalendarKit/MonthCollectionCell.swift; sourceTree = "<group>"; };
		C80969A41CAD90F100CDD78E /* MonthCollectionCell.xib */ = {isa = PBXFileReference; fileEncoding = 4; lastKnownFileType = file.xib; name = MonthCollectionCell.xib; path = CalendarKit/MonthCollectionCell.xib; sourceTree = "<group>"; };
		C80969A51CAD90F100CDD78E /* NSDateAdditions.swift */ = {isa = PBXFileReference; fileEncoding = 4; lastKnownFileType = sourcecode.swift; name = NSDateAdditions.swift; path = CalendarKit/NSDateAdditions.swift; sourceTree = "<group>"; };
		C80969B11CAD927F00CDD78E /* Cortex-Bridging-Header.h */ = {isa = PBXFileReference; lastKnownFileType = sourcecode.c.h; path = "Cortex-Bridging-Header.h"; sourceTree = "<group>"; };
		C80969B31CAD97BF00CDD78E /* AboutCortexView.swift */ = {isa = PBXFileReference; fileEncoding = 4; lastKnownFileType = sourcecode.swift; name = AboutCortexView.swift; path = CustomUI/AboutCortexView.swift; sourceTree = "<group>"; };
		C80969B41CAD97BF00CDD78E /* AboutCortexView.xib */ = {isa = PBXFileReference; fileEncoding = 4; lastKnownFileType = file.xib; name = AboutCortexView.xib; path = CustomUI/AboutCortexView.xib; sourceTree = "<group>"; };
		C80969B51CAD97BF00CDD78E /* AddCategoryAlertView.swift */ = {isa = PBXFileReference; fileEncoding = 4; lastKnownFileType = sourcecode.swift; name = AddCategoryAlertView.swift; path = CustomUI/AddCategoryAlertView.swift; sourceTree = "<group>"; };
		C80969B61CAD97BF00CDD78E /* AddCategoryAlertView.xib */ = {isa = PBXFileReference; fileEncoding = 4; lastKnownFileType = file.xib; name = AddCategoryAlertView.xib; path = CustomUI/AddCategoryAlertView.xib; sourceTree = "<group>"; };
		C80969B71CAD97BF00CDD78E /* AddThoughtNoteView.swift */ = {isa = PBXFileReference; fileEncoding = 4; lastKnownFileType = sourcecode.swift; name = AddThoughtNoteView.swift; path = CustomUI/AddThoughtNoteView.swift; sourceTree = "<group>"; };
		C80969B81CAD97BF00CDD78E /* AddThoughtNoteView.xib */ = {isa = PBXFileReference; fileEncoding = 4; lastKnownFileType = file.xib; name = AddThoughtNoteView.xib; path = CustomUI/AddThoughtNoteView.xib; sourceTree = "<group>"; };
		C80969B91CAD97BF00CDD78E /* DrawSettingsView.swift */ = {isa = PBXFileReference; fileEncoding = 4; lastKnownFileType = sourcecode.swift; name = DrawSettingsView.swift; path = CustomUI/DrawSettingsView.swift; sourceTree = "<group>"; };
		C80969BA1CAD97BF00CDD78E /* DrawSettingsView.xib */ = {isa = PBXFileReference; fileEncoding = 4; lastKnownFileType = file.xib; name = DrawSettingsView.xib; path = CustomUI/DrawSettingsView.xib; sourceTree = "<group>"; };
		C80969BB1CAD97BF00CDD78E /* SearchByKeyword.swift */ = {isa = PBXFileReference; fileEncoding = 4; lastKnownFileType = sourcecode.swift; name = SearchByKeyword.swift; path = CustomUI/SearchByKeyword.swift; sourceTree = "<group>"; };
		C80969BC1CAD97BF00CDD78E /* SearchByKeyword.xib */ = {isa = PBXFileReference; fileEncoding = 4; lastKnownFileType = file.xib; name = SearchByKeyword.xib; path = CustomUI/SearchByKeyword.xib; sourceTree = "<group>"; };
		C80969BD1CAD97BF00CDD78E /* SearchResultTableViewCell.swift */ = {isa = PBXFileReference; fileEncoding = 4; lastKnownFileType = sourcecode.swift; name = SearchResultTableViewCell.swift; path = CustomUI/SearchResultTableViewCell.swift; sourceTree = "<group>"; };
		C80969BE1CAD97BF00CDD78E /* ShowQuoteView.swift */ = {isa = PBXFileReference; fileEncoding = 4; lastKnownFileType = sourcecode.swift; name = ShowQuoteView.swift; path = CustomUI/ShowQuoteView.swift; sourceTree = "<group>"; };
		C80969BF1CAD97BF00CDD78E /* ShowQuoteView.xib */ = {isa = PBXFileReference; fileEncoding = 4; lastKnownFileType = file.xib; name = ShowQuoteView.xib; path = CustomUI/ShowQuoteView.xib; sourceTree = "<group>"; };
		C80969CE1CAD9ECA00CDD78E /* Attachment.swift */ = {isa = PBXFileReference; fileEncoding = 4; lastKnownFileType = sourcecode.swift; name = Attachment.swift; path = Entity/Attachment.swift; sourceTree = "<group>"; };
		C80969CF1CAD9ECA00CDD78E /* Attachment+CoreDataProperties.swift */ = {isa = PBXFileReference; fileEncoding = 4; lastKnownFileType = sourcecode.swift; name = "Attachment+CoreDataProperties.swift"; path = "Entity/Attachment+CoreDataProperties.swift"; sourceTree = "<group>"; };
		C80969D01CAD9ECA00CDD78E /* Category.swift */ = {isa = PBXFileReference; fileEncoding = 4; lastKnownFileType = sourcecode.swift; name = Category.swift; path = Entity/Category.swift; sourceTree = "<group>"; };
		C80969D11CAD9ECA00CDD78E /* Category+CoreDataProperties.swift */ = {isa = PBXFileReference; fileEncoding = 4; lastKnownFileType = sourcecode.swift; name = "Category+CoreDataProperties.swift"; path = "Entity/Category+CoreDataProperties.swift"; sourceTree = "<group>"; };
		C80969D21CAD9ECA00CDD78E /* Search.swift */ = {isa = PBXFileReference; fileEncoding = 4; lastKnownFileType = sourcecode.swift; name = Search.swift; path = Entity/Search.swift; sourceTree = "<group>"; };
		C80969D31CAD9ECA00CDD78E /* Search+CoreDataProperties.swift */ = {isa = PBXFileReference; fileEncoding = 4; lastKnownFileType = sourcecode.swift; name = "Search+CoreDataProperties.swift"; path = "Entity/Search+CoreDataProperties.swift"; sourceTree = "<group>"; };
		C80969D41CAD9ECA00CDD78E /* Thought.swift */ = {isa = PBXFileReference; fileEncoding = 4; lastKnownFileType = sourcecode.swift; name = Thought.swift; path = Entity/Thought.swift; sourceTree = "<group>"; };
		C80969D51CAD9ECA00CDD78E /* Thought+CoreDataProperties.swift */ = {isa = PBXFileReference; fileEncoding = 4; lastKnownFileType = sourcecode.swift; name = "Thought+CoreDataProperties.swift"; path = "Entity/Thought+CoreDataProperties.swift"; sourceTree = "<group>"; };
		C80969DF1CADA03C00CDD78E /* SVIndefiniteAnimatedView.h */ = {isa = PBXFileReference; fileEncoding = 4; lastKnownFileType = sourcecode.c.h; path = SVIndefiniteAnimatedView.h; sourceTree = "<group>"; };
		C80969E01CADA03C00CDD78E /* SVIndefiniteAnimatedView.m */ = {isa = PBXFileReference; fileEncoding = 4; lastKnownFileType = sourcecode.c.objc; path = SVIndefiniteAnimatedView.m; sourceTree = "<group>"; };
		C80969E11CADA03C00CDD78E /* SVProgressAnimatedView.h */ = {isa = PBXFileReference; fileEncoding = 4; lastKnownFileType = sourcecode.c.h; path = SVProgressAnimatedView.h; sourceTree = "<group>"; };
		C80969E21CADA03C00CDD78E /* SVProgressAnimatedView.m */ = {isa = PBXFileReference; fileEncoding = 4; lastKnownFileType = sourcecode.c.objc; path = SVProgressAnimatedView.m; sourceTree = "<group>"; };
		C80969E31CADA03C00CDD78E /* SVProgressHUD-Prefix.pch */ = {isa = PBXFileReference; fileEncoding = 4; lastKnownFileType = sourcecode.c.h; path = "SVProgressHUD-Prefix.pch"; sourceTree = "<group>"; };
		C80969E41CADA03C00CDD78E /* SVProgressHUD.bundle */ = {isa = PBXFileReference; lastKnownFileType = "wrapper.plug-in"; path = SVProgressHUD.bundle; sourceTree = "<group>"; };
		C80969E51CADA03C00CDD78E /* SVProgressHUD.h */ = {isa = PBXFileReference; fileEncoding = 4; lastKnownFileType = sourcecode.c.h; path = SVProgressHUD.h; sourceTree = "<group>"; };
		C80969E61CADA03C00CDD78E /* SVProgressHUD.m */ = {isa = PBXFileReference; fileEncoding = 4; lastKnownFileType = sourcecode.c.objc; path = SVProgressHUD.m; sourceTree = "<group>"; };
		C80969E71CADA03C00CDD78E /* SVRadialGradientLayer.h */ = {isa = PBXFileReference; fileEncoding = 4; lastKnownFileType = sourcecode.c.h; path = SVRadialGradientLayer.h; sourceTree = "<group>"; };
		C80969E81CADA03C00CDD78E /* SVRadialGradientLayer.m */ = {isa = PBXFileReference; fileEncoding = 4; lastKnownFileType = sourcecode.c.objc; path = SVRadialGradientLayer.m; sourceTree = "<group>"; };
		C80EA4351BABE55D000E1AC8 /* CortexTabBarController.swift */ = {isa = PBXFileReference; fileEncoding = 4; lastKnownFileType = sourcecode.swift; path = CortexTabBarController.swift; sourceTree = "<group>"; };
		C80EA43C1BABFA41000E1AC8 /* ShowCategoriesTableViewController.swift */ = {isa = PBXFileReference; fileEncoding = 4; lastKnownFileType = sourcecode.swift; path = ShowCategoriesTableViewController.swift; sourceTree = "<group>"; };
		C84787D31BA900E7007F6D50 /* Cortex.app */ = {isa = PBXFileReference; explicitFileType = wrapper.application; includeInIndex = 0; path = Cortex.app; sourceTree = BUILT_PRODUCTS_DIR; };
		C84787D71BA900E7007F6D50 /* Info.plist */ = {isa = PBXFileReference; lastKnownFileType = text.plist.xml; path = Info.plist; sourceTree = "<group>"; };
		C84787D81BA900E7007F6D50 /* AppDelegate.swift */ = {isa = PBXFileReference; lastKnownFileType = sourcecode.swift; path = AppDelegate.swift; sourceTree = "<group>"; };
		C84787DB1BA900E7007F6D50 /* Cortex.xcdatamodel */ = {isa = PBXFileReference; lastKnownFileType = wrapper.xcdatamodel; path = Cortex.xcdatamodel; sourceTree = "<group>"; };
		C84787E01BA900E7007F6D50 /* Base */ = {isa = PBXFileReference; lastKnownFileType = file.storyboard; name = Base; path = Base.lproj/Main.storyboard; sourceTree = "<group>"; };
		C84787E21BA900E7007F6D50 /* Images.xcassets */ = {isa = PBXFileReference; lastKnownFileType = folder.assetcatalog; path = Images.xcassets; sourceTree = "<group>"; };
		C84787E51BA900E7007F6D50 /* Base */ = {isa = PBXFileReference; lastKnownFileType = file.xib; name = Base; path = Base.lproj/LaunchScreen.xib; sourceTree = "<group>"; };
		C84787EB1BA900E7007F6D50 /* CortexTests.xctest */ = {isa = PBXFileReference; explicitFileType = wrapper.cfbundle; includeInIndex = 0; path = CortexTests.xctest; sourceTree = BUILT_PRODUCTS_DIR; };
		C84787F01BA900E7007F6D50 /* Info.plist */ = {isa = PBXFileReference; lastKnownFileType = text.plist.xml; path = Info.plist; sourceTree = "<group>"; };
		C84787F11BA900E7007F6D50 /* CortexTests.swift */ = {isa = PBXFileReference; lastKnownFileType = sourcecode.swift; path = CortexTests.swift; sourceTree = "<group>"; };
		C84788021BAAB428007F6D50 /* AudioToolbox.framework */ = {isa = PBXFileReference; lastKnownFileType = wrapper.framework; name = AudioToolbox.framework; path = System/Library/Frameworks/AudioToolbox.framework; sourceTree = SDKROOT; };
		C84788041BAAB431007F6D50 /* CFNetwork.framework */ = {isa = PBXFileReference; lastKnownFileType = wrapper.framework; name = CFNetwork.framework; path = System/Library/Frameworks/CFNetwork.framework; sourceTree = SDKROOT; };
		C84788061BAAB438007F6D50 /* CoreGraphics.framework */ = {isa = PBXFileReference; lastKnownFileType = wrapper.framework; name = CoreGraphics.framework; path = System/Library/Frameworks/CoreGraphics.framework; sourceTree = SDKROOT; };
		C84788081BAAB43F007F6D50 /* CoreLocation.framework */ = {isa = PBXFileReference; lastKnownFileType = wrapper.framework; name = CoreLocation.framework; path = System/Library/Frameworks/CoreLocation.framework; sourceTree = SDKROOT; };
		C847880A1BAAB445007F6D50 /* QuartzCore.framework */ = {isa = PBXFileReference; lastKnownFileType = wrapper.framework; name = QuartzCore.framework; path = System/Library/Frameworks/QuartzCore.framework; sourceTree = SDKROOT; };
		C847880C1BAAB44B007F6D50 /* Security.framework */ = {isa = PBXFileReference; lastKnownFileType = wrapper.framework; name = Security.framework; path = System/Library/Frameworks/Security.framework; sourceTree = SDKROOT; };
		C847880E1BAAB451007F6D50 /* StoreKit.framework */ = {isa = PBXFileReference; lastKnownFileType = wrapper.framework; name = StoreKit.framework; path = System/Library/Frameworks/StoreKit.framework; sourceTree = SDKROOT; };
		C84788101BAAB458007F6D50 /* SystemConfiguration.framework */ = {isa = PBXFileReference; lastKnownFileType = wrapper.framework; name = SystemConfiguration.framework; path = System/Library/Frameworks/SystemConfiguration.framework; sourceTree = SDKROOT; };
		C84788121BAAB461007F6D50 /* libz.dylib */ = {isa = PBXFileReference; lastKnownFileType = "compiled.mach-o.dylib"; name = libz.dylib; path = usr/lib/libz.dylib; sourceTree = SDKROOT; };
		C84788141BAAB468007F6D50 /* libsqlite3.dylib */ = {isa = PBXFileReference; lastKnownFileType = "compiled.mach-o.dylib"; name = libsqlite3.dylib; path = usr/lib/libsqlite3.dylib; sourceTree = SDKROOT; };
		C85222981BBFB8990041485F /* DoodleViewController.swift */ = {isa = PBXFileReference; fileEncoding = 4; lastKnownFileType = sourcecode.swift; path = DoodleViewController.swift; sourceTree = "<group>"; };
		C852229A1BC07AEB0041485F /* AttachmentsScrollViewController.swift */ = {isa = PBXFileReference; fileEncoding = 4; lastKnownFileType = sourcecode.swift; path = AttachmentsScrollViewController.swift; sourceTree = "<group>"; };
		C85222B51BC35D4C0041485F /* SearchResultsTableViewController.swift */ = {isa = PBXFileReference; fileEncoding = 4; lastKnownFileType = sourcecode.swift; path = SearchResultsTableViewController.swift; sourceTree = "<group>"; };
		C85223AC1BC76F6D0041485F /* Charts.xcodeproj */ = {isa = PBXFileReference; lastKnownFileType = "wrapper.pb-project"; name = Charts.xcodeproj; path = "../../../Downloads/ios-charts-master/Charts/Charts.xcodeproj"; sourceTree = "<group>"; };
		C85223BA1BC770B90041485F /* TrendsViewController.swift */ = {isa = PBXFileReference; fileEncoding = 4; lastKnownFileType = sourcecode.swift; path = TrendsViewController.swift; sourceTree = "<group>"; };
		C8E0DDA11BD1737600BAA593 /* Bolts.framework */ = {isa = PBXFileReference; lastKnownFileType = wrapper.framework; path = Bolts.framework; sourceTree = "<group>"; };
		C8EF2A591BABDD4400E66020 /* HistoryViewController.swift */ = {isa = PBXFileReference; fileEncoding = 4; lastKnownFileType = sourcecode.swift; path = HistoryViewController.swift; sourceTree = "<group>"; };
		C8EF2A5B1BABDD5F00E66020 /* EntryViewController.swift */ = {isa = PBXFileReference; fileEncoding = 4; lastKnownFileType = sourcecode.swift; path = EntryViewController.swift; sourceTree = "<group>"; };
		C8F4833A1CAE0FD400988365 /* WeekHeaderView.swift */ = {isa = PBXFileReference; fileEncoding = 4; lastKnownFileType = sourcecode.swift; name = WeekHeaderView.swift; path = CalendarKit/WeekHeaderView.swift; sourceTree = "<group>"; };
		C8F4833B1CAE0FD400988365 /* WeekHeaderView.xib */ = {isa = PBXFileReference; fileEncoding = 4; lastKnownFileType = file.xib; name = WeekHeaderView.xib; path = CalendarKit/WeekHeaderView.xib; sourceTree = "<group>"; };
		C8F4833F1CB03BA700988365 /* MyStringItemSource.swift */ = {isa = PBXFileReference; fileEncoding = 4; lastKnownFileType = sourcecode.swift; path = MyStringItemSource.swift; sourceTree = "<group>"; };
/* End PBXFileReference section */

/* Begin PBXFrameworksBuildPhase section */
		C84787D01BA900E7007F6D50 /* Frameworks */ = {
			isa = PBXFrameworksBuildPhase;
			buildActionMask = 2147483647;
			files = (
				C84788151BAAB468007F6D50 /* libsqlite3.dylib in Frameworks */,
				C84788131BAAB461007F6D50 /* libz.dylib in Frameworks */,
				C84788111BAAB458007F6D50 /* SystemConfiguration.framework in Frameworks */,
				C8E0DDA31BD1737600BAA593 /* Bolts.framework in Frameworks */,
				C847880F1BAAB451007F6D50 /* StoreKit.framework in Frameworks */,
				C847880D1BAAB44B007F6D50 /* Security.framework in Frameworks */,
				C847880B1BAAB445007F6D50 /* QuartzCore.framework in Frameworks */,
				C84788091BAAB43F007F6D50 /* CoreLocation.framework in Frameworks */,
				C84788071BAAB438007F6D50 /* CoreGraphics.framework in Frameworks */,
				C85223B51BC76F790041485F /* Charts.framework in Frameworks */,
				C84788051BAAB431007F6D50 /* CFNetwork.framework in Frameworks */,
				C84788031BAAB428007F6D50 /* AudioToolbox.framework in Frameworks */,
			);
			runOnlyForDeploymentPostprocessing = 0;
		};
		C84787E81BA900E7007F6D50 /* Frameworks */ = {
			isa = PBXFrameworksBuildPhase;
			buildActionMask = 2147483647;
			files = (
			);
			runOnlyForDeploymentPostprocessing = 0;
		};
/* End PBXFrameworksBuildPhase section */

/* Begin PBXGroup section */
		C809697A1CAD85B900CDD78E /* RNCryptor */ = {
			isa = PBXGroup;
			children = (
				C809697B1CAD864600CDD78E /* RNCryptor.h */,
				C809697C1CAD864600CDD78E /* RNCryptor.swift */,
			);
			name = RNCryptor;
			sourceTree = "<group>";
		};
		C809697E1CAD867200CDD78E /* BannerNotifications */ = {
			isa = PBXGroup;
			children = (
				C809697F1CAD869C00CDD78E /* AZNotification.swift */,
				C80969801CAD869C00CDD78E /* AZNotificationView.swift */,
			);
			name = BannerNotifications;
			sourceTree = "<group>";
		};
		C80969831CAD87B100CDD78E /* Utility */ = {
			isa = PBXGroup;
			children = (
				C809698D1CAD8A7200CDD78E /* ConnectionUtils.swift */,
				C809698F1CAD8A7200CDD78E /* DataRepository.swift */,
				C80969901CAD8A7200CDD78E /* DateUtils.swift */,
				C80969911CAD8A7200CDD78E /* ExtensionUtils.swift */,
				C80969921CAD8A7200CDD78E /* HelperUtils.swift */,
				C80969931CAD8A7200CDD78E /* StringUtils.swift */,
				C80969941CAD8A7200CDD78E /* TrendsRepository.swift */,
				C80969841CAD87BC00CDD78E /* UIColorUtils.swift */,
				C8F4833F1CB03BA700988365 /* MyStringItemSource.swift */,
			);
			name = Utility;
			sourceTree = "<group>";
		};
		C80969861CAD892D00CDD78E /* Constants */ = {
			isa = PBXGroup;
			children = (
				C80969871CAD894800CDD78E /* EntityInfo.swift */,
				C80969881CAD894800CDD78E /* InterfaceBuilderInfo.swift */,
				C80969891CAD894800CDD78E /* UserInformation.swift */,
			);
			name = Constants;
			sourceTree = "<group>";
		};
		C809699C1CAD90D900CDD78E /* CalendarKit */ = {
			isa = PBXGroup;
			children = (
				C809699D1CAD90F100CDD78E /* CalendarLogic.swift */,
				C809699E1CAD90F100CDD78E /* CalendarView.swift */,
				C809699F1CAD90F100CDD78E /* CalendarView.xib */,
				C80969A01CAD90F100CDD78E /* Date.swift */,
				C80969A11CAD90F100CDD78E /* DayCollectionCell.swift */,
				C80969A21CAD90F100CDD78E /* DayCollectionCell.xib */,
				C80969A31CAD90F100CDD78E /* MonthCollectionCell.swift */,
				C80969A41CAD90F100CDD78E /* MonthCollectionCell.xib */,
				C80969A51CAD90F100CDD78E /* NSDateAdditions.swift */,
				C8F4833A1CAE0FD400988365 /* WeekHeaderView.swift */,
				C8F4833B1CAE0FD400988365 /* WeekHeaderView.xib */,
			);
			name = CalendarKit;
			sourceTree = "<group>";
		};
		C80969B21CAD940C00CDD78E /* CustomUI */ = {
			isa = PBXGroup;
			children = (
				C80969B31CAD97BF00CDD78E /* AboutCortexView.swift */,
				C80969B41CAD97BF00CDD78E /* AboutCortexView.xib */,
				C80969B51CAD97BF00CDD78E /* AddCategoryAlertView.swift */,
				C80969B61CAD97BF00CDD78E /* AddCategoryAlertView.xib */,
				C80969B71CAD97BF00CDD78E /* AddThoughtNoteView.swift */,
				C80969B81CAD97BF00CDD78E /* AddThoughtNoteView.xib */,
				C80969B91CAD97BF00CDD78E /* DrawSettingsView.swift */,
				C80969BA1CAD97BF00CDD78E /* DrawSettingsView.xib */,
				C80969BB1CAD97BF00CDD78E /* SearchByKeyword.swift */,
				C80969BC1CAD97BF00CDD78E /* SearchByKeyword.xib */,
				C80969BD1CAD97BF00CDD78E /* SearchResultTableViewCell.swift */,
				C80969BE1CAD97BF00CDD78E /* ShowQuoteView.swift */,
				C80969BF1CAD97BF00CDD78E /* ShowQuoteView.xib */,
			);
			name = CustomUI;
			sourceTree = "<group>";
		};
		C80969CD1CAD998D00CDD78E /* Entity */ = {
			isa = PBXGroup;
			children = (
				C80969CE1CAD9ECA00CDD78E /* Attachment.swift */,
				C80969CF1CAD9ECA00CDD78E /* Attachment+CoreDataProperties.swift */,
				C80969D01CAD9ECA00CDD78E /* Category.swift */,
				C80969D11CAD9ECA00CDD78E /* Category+CoreDataProperties.swift */,
				C80969D21CAD9ECA00CDD78E /* Search.swift */,
				C80969D31CAD9ECA00CDD78E /* Search+CoreDataProperties.swift */,
				C80969D41CAD9ECA00CDD78E /* Thought.swift */,
				C80969D51CAD9ECA00CDD78E /* Thought+CoreDataProperties.swift */,
			);
			name = Entity;
			sourceTree = "<group>";
		};
		C80969DE1CADA03C00CDD78E /* SVProgressHUD */ = {
			isa = PBXGroup;
			children = (
				C80969DF1CADA03C00CDD78E /* SVIndefiniteAnimatedView.h */,
				C80969E01CADA03C00CDD78E /* SVIndefiniteAnimatedView.m */,
				C80969E11CADA03C00CDD78E /* SVProgressAnimatedView.h */,
				C80969E21CADA03C00CDD78E /* SVProgressAnimatedView.m */,
				C80969E31CADA03C00CDD78E /* SVProgressHUD-Prefix.pch */,
				C80969E41CADA03C00CDD78E /* SVProgressHUD.bundle */,
				C80969E51CADA03C00CDD78E /* SVProgressHUD.h */,
				C80969E61CADA03C00CDD78E /* SVProgressHUD.m */,
				C80969E71CADA03C00CDD78E /* SVRadialGradientLayer.h */,
				C80969E81CADA03C00CDD78E /* SVRadialGradientLayer.m */,
			);
			path = SVProgressHUD;
			sourceTree = "<group>";
		};
		C84787CA1BA900E7007F6D50 = {
			isa = PBXGroup;
			children = (
				C80969B11CAD927F00CDD78E /* Cortex-Bridging-Header.h */,
				C84787D51BA900E7007F6D50 /* Cortex */,
				C84787FD1BAAB3CD007F6D50 /* Frameworks */,
				C84787EE1BA900E7007F6D50 /* CortexTests */,
				C84787D41BA900E7007F6D50 /* Products */,
			);
			sourceTree = "<group>";
		};
		C84787D41BA900E7007F6D50 /* Products */ = {
			isa = PBXGroup;
			children = (
				C84787D31BA900E7007F6D50 /* Cortex.app */,
				C84787EB1BA900E7007F6D50 /* CortexTests.xctest */,
			);
			name = Products;
			sourceTree = "<group>";
		};
		C84787D51BA900E7007F6D50 /* Cortex */ = {
			isa = PBXGroup;
			children = (
				C80969DE1CADA03C00CDD78E /* SVProgressHUD */,
				C80969CD1CAD998D00CDD78E /* Entity */,
				C80969B21CAD940C00CDD78E /* CustomUI */,
				C809699C1CAD90D900CDD78E /* CalendarKit */,
				C80969861CAD892D00CDD78E /* Constants */,
				C80969831CAD87B100CDD78E /* Utility */,
				C809697E1CAD867200CDD78E /* BannerNotifications */,
				C809697A1CAD85B900CDD78E /* RNCryptor */,
				C85223AC1BC76F6D0041485F /* Charts.xcodeproj */,
				C84787D81BA900E7007F6D50 /* AppDelegate.swift */,
				C8EF2A5B1BABDD5F00E66020 /* EntryViewController.swift */,
				C80EA43C1BABFA41000E1AC8 /* ShowCategoriesTableViewController.swift */,
				C852229A1BC07AEB0041485F /* AttachmentsScrollViewController.swift */,
				C85222981BBFB8990041485F /* DoodleViewController.swift */,
				C8EF2A591BABDD4400E66020 /* HistoryViewController.swift */,
				C85222B51BC35D4C0041485F /* SearchResultsTableViewController.swift */,
				C8014B3D1C13B72D00F00194 /* SearchedThoughtAttachmentsViewController.swift */,
				C85223BA1BC770B90041485F /* TrendsViewController.swift */,
				C84787DF1BA900E7007F6D50 /* Main.storyboard */,
				C84787E21BA900E7007F6D50 /* Images.xcassets */,
				C84787E41BA900E7007F6D50 /* LaunchScreen.xib */,
				C80865581C2B93FD007CFA1B /* ChangeLog.txt */,
				C84787DA1BA900E7007F6D50 /* Cortex.xcdatamodeld */,
				C84787D61BA900E7007F6D50 /* Supporting Files */,
				C80EA4351BABE55D000E1AC8 /* CortexTabBarController.swift */,
			);
			path = Cortex;
			sourceTree = "<group>";
		};
		C84787D61BA900E7007F6D50 /* Supporting Files */ = {
			isa = PBXGroup;
			children = (
				C84787D71BA900E7007F6D50 /* Info.plist */,
			);
			name = "Supporting Files";
			sourceTree = "<group>";
		};
		C84787EE1BA900E7007F6D50 /* CortexTests */ = {
			isa = PBXGroup;
			children = (
				C84787F11BA900E7007F6D50 /* CortexTests.swift */,
				C84787EF1BA900E7007F6D50 /* Supporting Files */,
			);
			path = CortexTests;
			sourceTree = "<group>";
		};
		C84787EF1BA900E7007F6D50 /* Supporting Files */ = {
			isa = PBXGroup;
			children = (
				C84787F01BA900E7007F6D50 /* Info.plist */,
			);
			name = "Supporting Files";
			sourceTree = "<group>";
		};
		C84787FD1BAAB3CD007F6D50 /* Frameworks */ = {
			isa = PBXGroup;
			children = (
				C84788141BAAB468007F6D50 /* libsqlite3.dylib */,
				C84788121BAAB461007F6D50 /* libz.dylib */,
				C8E0DDA11BD1737600BAA593 /* Bolts.framework */,
				C84788101BAAB458007F6D50 /* SystemConfiguration.framework */,
				C847880E1BAAB451007F6D50 /* StoreKit.framework */,
				C847880C1BAAB44B007F6D50 /* Security.framework */,
				C847880A1BAAB445007F6D50 /* QuartzCore.framework */,
				C84788081BAAB43F007F6D50 /* CoreLocation.framework */,
				C84788061BAAB438007F6D50 /* CoreGraphics.framework */,
				C84788041BAAB431007F6D50 /* CFNetwork.framework */,
				C84788021BAAB428007F6D50 /* AudioToolbox.framework */,
			);
			name = Frameworks;
			sourceTree = "<group>";
		};
		C85223AD1BC76F6D0041485F /* Products */ = {
			isa = PBXGroup;
			children = (
				C85223B21BC76F6E0041485F /* Charts.framework */,
				C85223B41BC76F6E0041485F /* ChartsTV.framework */,
			);
			name = Products;
			sourceTree = "<group>";
		};
/* End PBXGroup section */

/* Begin PBXNativeTarget section */
		C84787D21BA900E7007F6D50 /* Cortex */ = {
			isa = PBXNativeTarget;
			buildConfigurationList = C84787F51BA900E7007F6D50 /* Build configuration list for PBXNativeTarget "Cortex" */;
			buildPhases = (
				C84787CF1BA900E7007F6D50 /* Sources */,
				C84787D01BA900E7007F6D50 /* Frameworks */,
				C84787D11BA900E7007F6D50 /* Resources */,
				C85223B91BC76F790041485F /* Embed Frameworks */,
			);
			buildRules = (
			);
			dependencies = (
				C85223B81BC76F790041485F /* PBXTargetDependency */,
			);
			name = Cortex;
			productName = Cortex;
			productReference = C84787D31BA900E7007F6D50 /* Cortex.app */;
			productType = "com.apple.product-type.application";
		};
		C84787EA1BA900E7007F6D50 /* CortexTests */ = {
			isa = PBXNativeTarget;
			buildConfigurationList = C84787F81BA900E7007F6D50 /* Build configuration list for PBXNativeTarget "CortexTests" */;
			buildPhases = (
				C84787E71BA900E7007F6D50 /* Sources */,
				C84787E81BA900E7007F6D50 /* Frameworks */,
				C84787E91BA900E7007F6D50 /* Resources */,
			);
			buildRules = (
			);
			dependencies = (
				C84787ED1BA900E7007F6D50 /* PBXTargetDependency */,
			);
			name = CortexTests;
			productName = CortexTests;
			productReference = C84787EB1BA900E7007F6D50 /* CortexTests.xctest */;
			productType = "com.apple.product-type.bundle.unit-test";
		};
/* End PBXNativeTarget section */

/* Begin PBXProject section */
		C84787CB1BA900E7007F6D50 /* Project object */ = {
			isa = PBXProject;
			attributes = {
				LastSwiftMigration = 0700;
				LastSwiftUpdateCheck = 0700;
				LastUpgradeCheck = 0700;
				ORGANIZATIONNAME = "Manisha Yeramareddy";
				TargetAttributes = {
					C84787D21BA900E7007F6D50 = {
						CreatedOnToolsVersion = 6.4;
						DevelopmentTeam = 238VTQRB79;
					};
					C84787EA1BA900E7007F6D50 = {
						CreatedOnToolsVersion = 6.4;
						TestTargetID = C84787D21BA900E7007F6D50;
					};
				};
			};
			buildConfigurationList = C84787CE1BA900E7007F6D50 /* Build configuration list for PBXProject "Cortex" */;
			compatibilityVersion = "Xcode 3.2";
			developmentRegion = English;
			hasScannedForEncodings = 0;
			knownRegions = (
				en,
				Base,
			);
			mainGroup = C84787CA1BA900E7007F6D50;
			productRefGroup = C84787D41BA900E7007F6D50 /* Products */;
			projectDirPath = "";
			projectReferences = (
				{
					ProductGroup = C85223AD1BC76F6D0041485F /* Products */;
					ProjectRef = C85223AC1BC76F6D0041485F /* Charts.xcodeproj */;
				},
			);
			projectRoot = "";
			targets = (
				C84787D21BA900E7007F6D50 /* Cortex */,
				C84787EA1BA900E7007F6D50 /* CortexTests */,
			);
		};
/* End PBXProject section */

/* Begin PBXReferenceProxy section */
		C85223B21BC76F6E0041485F /* Charts.framework */ = {
			isa = PBXReferenceProxy;
			fileType = wrapper.framework;
			path = Charts.framework;
			remoteRef = C85223B11BC76F6E0041485F /* PBXContainerItemProxy */;
			sourceTree = BUILT_PRODUCTS_DIR;
		};
		C85223B41BC76F6E0041485F /* ChartsTV.framework */ = {
			isa = PBXReferenceProxy;
			fileType = wrapper.framework;
			path = ChartsTV.framework;
			remoteRef = C85223B31BC76F6E0041485F /* PBXContainerItemProxy */;
			sourceTree = BUILT_PRODUCTS_DIR;
		};
/* End PBXReferenceProxy section */

/* Begin PBXResourcesBuildPhase section */
		C84787D11BA900E7007F6D50 /* Resources */ = {
			isa = PBXResourcesBuildPhase;
			buildActionMask = 2147483647;
			files = (
				C80969AD1CAD90F100CDD78E /* MonthCollectionCell.xib in Resources */,
				C80969C31CAD97BF00CDD78E /* AddCategoryAlertView.xib in Resources */,
				C80969CC1CAD97BF00CDD78E /* ShowQuoteView.xib in Resources */,
				C80969C51CAD97BF00CDD78E /* AddThoughtNoteView.xib in Resources */,
				C80969A81CAD90F100CDD78E /* CalendarView.xib in Resources */,
				C80969C11CAD97BF00CDD78E /* AboutCortexView.xib in Resources */,
				C8F4833D1CAE0FD400988365 /* WeekHeaderView.xib in Resources */,
				C84787E11BA900E7007F6D50 /* Main.storyboard in Resources */,
				C80969EB1CADA03C00CDD78E /* SVProgressHUD.bundle in Resources */,
				C84787E61BA900E7007F6D50 /* LaunchScreen.xib in Resources */,
				C84787E31BA900E7007F6D50 /* Images.xcassets in Resources */,
				C80969C71CAD97BF00CDD78E /* DrawSettingsView.xib in Resources */,
				C80969AB1CAD90F100CDD78E /* DayCollectionCell.xib in Resources */,
				C80865591C2B93FD007CFA1B /* ChangeLog.txt in Resources */,
				C80969C91CAD97BF00CDD78E /* SearchByKeyword.xib in Resources */,
			);
			runOnlyForDeploymentPostprocessing = 0;
		};
		C84787E91BA900E7007F6D50 /* Resources */ = {
			isa = PBXResourcesBuildPhase;
			buildActionMask = 2147483647;
			files = (
			);
			runOnlyForDeploymentPostprocessing = 0;
		};
/* End PBXResourcesBuildPhase section */

/* Begin PBXSourcesBuildPhase section */
		C84787CF1BA900E7007F6D50 /* Sources */ = {
			isa = PBXSourcesBuildPhase;
			buildActionMask = 2147483647;
			files = (
				C80969CA1CAD97BF00CDD78E /* SearchResultTableViewCell.swift in Sources */,
				C80969981CAD8A7200CDD78E /* ExtensionUtils.swift in Sources */,
				C80969DB1CAD9ECA00CDD78E /* Search+CoreDataProperties.swift in Sources */,
				C80969C81CAD97BF00CDD78E /* SearchByKeyword.swift in Sources */,
				C80969D61CAD9ECA00CDD78E /* Attachment.swift in Sources */,
				C80969C41CAD97BF00CDD78E /* AddThoughtNoteView.swift in Sources */,
				C8F4833C1CAE0FD400988365 /* WeekHeaderView.swift in Sources */,
				C8F483401CB03BA700988365 /* MyStringItemSource.swift in Sources */,
				C80969AA1CAD90F100CDD78E /* DayCollectionCell.swift in Sources */,
				C80969C21CAD97BF00CDD78E /* AddCategoryAlertView.swift in Sources */,
				C80969951CAD8A7200CDD78E /* ConnectionUtils.swift in Sources */,
				C80969EA1CADA03C00CDD78E /* SVProgressAnimatedView.m in Sources */,
				C80969DA1CAD9ECA00CDD78E /* Search.swift in Sources */,
				C80969E91CADA03C00CDD78E /* SVIndefiniteAnimatedView.m in Sources */,
				C80969AC1CAD90F100CDD78E /* MonthCollectionCell.swift in Sources */,
				C8EF2A5C1BABDD5F00E66020 /* EntryViewController.swift in Sources */,
				C80969A71CAD90F100CDD78E /* CalendarView.swift in Sources */,
				C809697D1CAD864600CDD78E /* RNCryptor.swift in Sources */,
				C80969A61CAD90F100CDD78E /* CalendarLogic.swift in Sources */,
				C80EA43D1BABFA41000E1AC8 /* ShowCategoriesTableViewController.swift in Sources */,
				C80969DC1CAD9ECA00CDD78E /* Thought.swift in Sources */,
				C80969D71CAD9ECA00CDD78E /* Attachment+CoreDataProperties.swift in Sources */,
				C809699B1CAD8A7200CDD78E /* TrendsRepository.swift in Sources */,
				C852229B1BC07AEB0041485F /* AttachmentsScrollViewController.swift in Sources */,
				C80969821CAD869C00CDD78E /* AZNotificationView.swift in Sources */,
				C80969C61CAD97BF00CDD78E /* DrawSettingsView.swift in Sources */,
				C80969991CAD8A7200CDD78E /* HelperUtils.swift in Sources */,
				C80969CB1CAD97BF00CDD78E /* ShowQuoteView.swift in Sources */,
				C809699A1CAD8A7200CDD78E /* StringUtils.swift in Sources */,
				C80969AE1CAD90F100CDD78E /* NSDateAdditions.swift in Sources */,
				C80969A91CAD90F100CDD78E /* Date.swift in Sources */,
				C85222991BBFB8990041485F /* DoodleViewController.swift in Sources */,
				C85223BB1BC770B90041485F /* TrendsViewController.swift in Sources */,
				C84787DC1BA900E7007F6D50 /* Cortex.xcdatamodeld in Sources */,
				C8EF2A5A1BABDD4400E66020 /* HistoryViewController.swift in Sources */,
				C80969DD1CAD9ECA00CDD78E /* Thought+CoreDataProperties.swift in Sources */,
				C80969D81CAD9ECA00CDD78E /* Category.swift in Sources */,
				C80EA4361BABE55D000E1AC8 /* CortexTabBarController.swift in Sources */,
				C80969EC1CADA03C00CDD78E /* SVProgressHUD.m in Sources */,
				C80969811CAD869C00CDD78E /* AZNotification.swift in Sources */,
				C80969D91CAD9ECA00CDD78E /* Category+CoreDataProperties.swift in Sources */,
				C8014B3E1C13B72D00F00194 /* SearchedThoughtAttachmentsViewController.swift in Sources */,
				C809698A1CAD894800CDD78E /* EntityInfo.swift in Sources */,
				C84787D91BA900E7007F6D50 /* AppDelegate.swift in Sources */,
				C809698C1CAD894800CDD78E /* UserInformation.swift in Sources */,
				C80969961CAD8A7200CDD78E /* DataRepository.swift in Sources */,
				C85222B61BC35D4C0041485F /* SearchResultsTableViewController.swift in Sources */,
				C80969ED1CADA03C00CDD78E /* SVRadialGradientLayer.m in Sources */,
				C80969C01CAD97BF00CDD78E /* AboutCortexView.swift in Sources */,
				C80969851CAD87BC00CDD78E /* UIColorUtils.swift in Sources */,
				C80969971CAD8A7200CDD78E /* DateUtils.swift in Sources */,
				C809698B1CAD894800CDD78E /* InterfaceBuilderInfo.swift in Sources */,
			);
			runOnlyForDeploymentPostprocessing = 0;
		};
		C84787E71BA900E7007F6D50 /* Sources */ = {
			isa = PBXSourcesBuildPhase;
			buildActionMask = 2147483647;
			files = (
				C84787F21BA900E7007F6D50 /* CortexTests.swift in Sources */,
			);
			runOnlyForDeploymentPostprocessing = 0;
		};
/* End PBXSourcesBuildPhase section */

/* Begin PBXTargetDependency section */
		C84787ED1BA900E7007F6D50 /* PBXTargetDependency */ = {
			isa = PBXTargetDependency;
			target = C84787D21BA900E7007F6D50 /* Cortex */;
			targetProxy = C84787EC1BA900E7007F6D50 /* PBXContainerItemProxy */;
		};
		C85223B81BC76F790041485F /* PBXTargetDependency */ = {
			isa = PBXTargetDependency;
			name = Charts;
			targetProxy = C85223B71BC76F790041485F /* PBXContainerItemProxy */;
		};
/* End PBXTargetDependency section */

/* Begin PBXVariantGroup section */
		C84787DF1BA900E7007F6D50 /* Main.storyboard */ = {
			isa = PBXVariantGroup;
			children = (
				C84787E01BA900E7007F6D50 /* Base */,
			);
			name = Main.storyboard;
			sourceTree = "<group>";
		};
		C84787E41BA900E7007F6D50 /* LaunchScreen.xib */ = {
			isa = PBXVariantGroup;
			children = (
				C84787E51BA900E7007F6D50 /* Base */,
			);
			name = LaunchScreen.xib;
			sourceTree = "<group>";
		};
/* End PBXVariantGroup section */

/* Begin XCBuildConfiguration section */
		C84787F31BA900E7007F6D50 /* Debug */ = {
			isa = XCBuildConfiguration;
			buildSettings = {
				ALWAYS_SEARCH_USER_PATHS = NO;
				CLANG_CXX_LANGUAGE_STANDARD = "gnu++0x";
				CLANG_CXX_LIBRARY = "libc++";
				CLANG_ENABLE_MODULES = YES;
				CLANG_ENABLE_OBJC_ARC = YES;
				CLANG_WARN_BOOL_CONVERSION = YES;
				CLANG_WARN_CONSTANT_CONVERSION = YES;
				CLANG_WARN_DIRECT_OBJC_ISA_USAGE = YES_ERROR;
				CLANG_WARN_EMPTY_BODY = YES;
				CLANG_WARN_ENUM_CONVERSION = YES;
				CLANG_WARN_INT_CONVERSION = YES;
				CLANG_WARN_OBJC_ROOT_CLASS = YES_ERROR;
				CLANG_WARN_UNREACHABLE_CODE = YES;
				CLANG_WARN__DUPLICATE_METHOD_MATCH = YES;
				"CODE_SIGN_IDENTITY[sdk=iphoneos*]" = "iPhone Developer";
				COPY_PHASE_STRIP = NO;
				DEBUG_INFORMATION_FORMAT = "dwarf-with-dsym";
				ENABLE_BITCODE = NO;
				ENABLE_STRICT_OBJC_MSGSEND = YES;
				ENABLE_TESTABILITY = YES;
				GCC_C_LANGUAGE_STANDARD = gnu99;
				GCC_DYNAMIC_NO_PIC = NO;
				GCC_NO_COMMON_BLOCKS = YES;
				GCC_OPTIMIZATION_LEVEL = 0;
				GCC_PREPROCESSOR_DEFINITIONS = (
					"DEBUG=1",
					"$(inherited)",
				);
				GCC_SYMBOLS_PRIVATE_EXTERN = NO;
				GCC_WARN_64_TO_32_BIT_CONVERSION = YES;
				GCC_WARN_ABOUT_RETURN_TYPE = YES_ERROR;
				GCC_WARN_UNDECLARED_SELECTOR = YES;
				GCC_WARN_UNINITIALIZED_AUTOS = YES_AGGRESSIVE;
				GCC_WARN_UNUSED_FUNCTION = YES;
				GCC_WARN_UNUSED_VARIABLE = YES;
				IPHONEOS_DEPLOYMENT_TARGET = 8.4;
				MTL_ENABLE_DEBUG_INFO = YES;
				ONLY_ACTIVE_ARCH = YES;
				SDKROOT = iphoneos;
				SWIFT_OPTIMIZATION_LEVEL = "-Onone";
				TARGETED_DEVICE_FAMILY = "1,2";
			};
			name = Debug;
		};
		C84787F41BA900E7007F6D50 /* Release */ = {
			isa = XCBuildConfiguration;
			buildSettings = {
				ALWAYS_SEARCH_USER_PATHS = NO;
				CLANG_CXX_LANGUAGE_STANDARD = "gnu++0x";
				CLANG_CXX_LIBRARY = "libc++";
				CLANG_ENABLE_MODULES = YES;
				CLANG_ENABLE_OBJC_ARC = YES;
				CLANG_WARN_BOOL_CONVERSION = YES;
				CLANG_WARN_CONSTANT_CONVERSION = YES;
				CLANG_WARN_DIRECT_OBJC_ISA_USAGE = YES_ERROR;
				CLANG_WARN_EMPTY_BODY = YES;
				CLANG_WARN_ENUM_CONVERSION = YES;
				CLANG_WARN_INT_CONVERSION = YES;
				CLANG_WARN_OBJC_ROOT_CLASS = YES_ERROR;
				CLANG_WARN_UNREACHABLE_CODE = YES;
				CLANG_WARN__DUPLICATE_METHOD_MATCH = YES;
				"CODE_SIGN_IDENTITY[sdk=iphoneos*]" = "iPhone Developer";
				COPY_PHASE_STRIP = NO;
				DEBUG_INFORMATION_FORMAT = "dwarf-with-dsym";
				ENABLE_BITCODE = NO;
				ENABLE_NS_ASSERTIONS = NO;
				ENABLE_STRICT_OBJC_MSGSEND = YES;
				GCC_C_LANGUAGE_STANDARD = gnu99;
				GCC_NO_COMMON_BLOCKS = YES;
				GCC_WARN_64_TO_32_BIT_CONVERSION = YES;
				GCC_WARN_ABOUT_RETURN_TYPE = YES_ERROR;
				GCC_WARN_UNDECLARED_SELECTOR = YES;
				GCC_WARN_UNINITIALIZED_AUTOS = YES_AGGRESSIVE;
				GCC_WARN_UNUSED_FUNCTION = YES;
				GCC_WARN_UNUSED_VARIABLE = YES;
				IPHONEOS_DEPLOYMENT_TARGET = 8.4;
				MTL_ENABLE_DEBUG_INFO = NO;
				SDKROOT = iphoneos;
				TARGETED_DEVICE_FAMILY = "1,2";
				VALIDATE_PRODUCT = YES;
			};
			name = Release;
		};
		C84787F61BA900E7007F6D50 /* Debug */ = {
			isa = XCBuildConfiguration;
			buildSettings = {
				ASSETCATALOG_COMPILER_APPICON_NAME = AppIcon;
				CLANG_ENABLE_MODULES = YES;
				CODE_SIGN_IDENTITY = "iPhone Developer";
				EMBEDDED_CONTENT_CONTAINS_SWIFT = YES;
				FRAMEWORK_SEARCH_PATHS = (
					"$(inherited)",
					"$(PROJECT_DIR)",
				);
				INFOPLIST_FILE = Cortex/Info.plist;
				IPHONEOS_DEPLOYMENT_TARGET = 8.4;
				LD_RUNPATH_SEARCH_PATHS = "$(inherited) @executable_path/Frameworks";
				PRODUCT_BUNDLE_IDENTIFIER = "words.of.riches.$(PRODUCT_NAME:rfc1034identifier)";
				PRODUCT_NAME = "$(TARGET_NAME)";
				SWIFT_OBJC_BRIDGING_HEADER = "Cortex-Bridging-Header.h";
				SWIFT_OPTIMIZATION_LEVEL = "-Onone";
				TARGETED_DEVICE_FAMILY = 1;
			};
			name = Debug;
		};
		C84787F71BA900E7007F6D50 /* Release */ = {
			isa = XCBuildConfiguration;
			buildSettings = {
				ASSETCATALOG_COMPILER_APPICON_NAME = AppIcon;
				CLANG_ENABLE_MODULES = YES;
				CODE_SIGN_IDENTITY = "iPhone Developer";
				EMBEDDED_CONTENT_CONTAINS_SWIFT = YES;
				FRAMEWORK_SEARCH_PATHS = (
					"$(inherited)",
					"$(PROJECT_DIR)",
				);
				INFOPLIST_FILE = Cortex/Info.plist;
				IPHONEOS_DEPLOYMENT_TARGET = 8.4;
				LD_RUNPATH_SEARCH_PATHS = "$(inherited) @executable_path/Frameworks";
				PRODUCT_BUNDLE_IDENTIFIER = "words.of.riches.$(PRODUCT_NAME:rfc1034identifier)";
				PRODUCT_NAME = "$(TARGET_NAME)";
				SWIFT_OBJC_BRIDGING_HEADER = "Cortex-Bridging-Header.h";
				TARGETED_DEVICE_FAMILY = 1;
			};
			name = Release;
		};
		C84787F91BA900E7007F6D50 /* Debug */ = {
			isa = XCBuildConfiguration;
			buildSettings = {
				BUNDLE_LOADER = "$(TEST_HOST)";
				FRAMEWORK_SEARCH_PATHS = "";
				GCC_PREPROCESSOR_DEFINITIONS = (
					"DEBUG=1",
					"$(inherited)",
				);
				INFOPLIST_FILE = CortexTests/Info.plist;
				LD_RUNPATH_SEARCH_PATHS = "$(inherited) @executable_path/Frameworks @loader_path/Frameworks";
				PRODUCT_BUNDLE_IDENTIFIER = "words.of.riches.$(PRODUCT_NAME:rfc1034identifier)";
				PRODUCT_NAME = "$(TARGET_NAME)";
				TEST_HOST = "$(BUILT_PRODUCTS_DIR)/Cortex.app/Cortex";
			};
			name = Debug;
		};
		C84787FA1BA900E7007F6D50 /* Release */ = {
			isa = XCBuildConfiguration;
			buildSettings = {
				BUNDLE_LOADER = "$(TEST_HOST)";
				FRAMEWORK_SEARCH_PATHS = "";
				INFOPLIST_FILE = CortexTests/Info.plist;
				LD_RUNPATH_SEARCH_PATHS = "$(inherited) @executable_path/Frameworks @loader_path/Frameworks";
				PRODUCT_BUNDLE_IDENTIFIER = "words.of.riches.$(PRODUCT_NAME:rfc1034identifier)";
				PRODUCT_NAME = "$(TARGET_NAME)";
				TEST_HOST = "$(BUILT_PRODUCTS_DIR)/Cortex.app/Cortex";
			};
			name = Release;
		};
/* End XCBuildConfiguration section */

/* Begin XCConfigurationList section */
		C84787CE1BA900E7007F6D50 /* Build configuration list for PBXProject "Cortex" */ = {
			isa = XCConfigurationList;
			buildConfigurations = (
				C84787F31BA900E7007F6D50 /* Debug */,
				C84787F41BA900E7007F6D50 /* Release */,
			);
			defaultConfigurationIsVisible = 0;
			defaultConfigurationName = Release;
		};
		C84787F51BA900E7007F6D50 /* Build configuration list for PBXNativeTarget "Cortex" */ = {
			isa = XCConfigurationList;
			buildConfigurations = (
				C84787F61BA900E7007F6D50 /* Debug */,
				C84787F71BA900E7007F6D50 /* Release */,
			);
			defaultConfigurationIsVisible = 0;
			defaultConfigurationName = Release;
		};
		C84787F81BA900E7007F6D50 /* Build configuration list for PBXNativeTarget "CortexTests" */ = {
			isa = XCConfigurationList;
			buildConfigurations = (
				C84787F91BA900E7007F6D50 /* Debug */,
				C84787FA1BA900E7007F6D50 /* Release */,
			);
			defaultConfigurationIsVisible = 0;
			defaultConfigurationName = Release;
		};
/* End XCConfigurationList section */

/* Begin XCVersionGroup section */
		C84787DA1BA900E7007F6D50 /* Cortex.xcdatamodeld */ = {
			isa = XCVersionGroup;
			children = (
				C84787DB1BA900E7007F6D50 /* Cortex.xcdatamodel */,
			);
			currentVersion = C84787DB1BA900E7007F6D50 /* Cortex.xcdatamodel */;
			path = Cortex.xcdatamodeld;
			sourceTree = "<group>";
			versionGroupType = wrapper.xcdatamodel;
		};
/* End XCVersionGroup section */
	};
	rootObject = C84787CB1BA900E7007F6D50 /* Project object */;
}
